
Microsoft Visual Studio Solution File, Format Version 12.00
# Visual Studio Version 16
VisualStudioVersion = 16.0.31313.79
MinimumVisualStudioVersion = 10.0.40219.1
Project("{FAE04EC0-301F-11D3-BF4B-00C04F79EFBC}") = "WebApplication1", "WebApplication1\WebApplication1.csproj", "{534FB6BA-1879-4B8F-A667-7FB6D75B0649}"
EndProject
Global
	GlobalSection(SolutionConfigurationPlatforms) = preSolution
		Debug|Any CPU = Debug|Any CPU
		Release|Any CPU = Release|Any CPU
	EndGlobalSection
	GlobalSection(ProjectConfigurationPlatforms) = postSolution
		{534FB6BA-1879-4B8F-A667-7FB6D75B0649}.Debug|Any CPU.ActiveCfg = Debug|Any CPU
		{534FB6BA-1879-4B8F-A667-7FB6D75B0649}.Debug|Any CPU.Build.0 = Debug|Any CPU
		{534FB6BA-1879-4B8F-A667-7FB6D75B0649}.Release|Any CPU.ActiveCfg = Release|Any CPU
		{534FB6BA-1879-4B8F-A667-7FB6D75B0649}.Release|Any CPU.Build.0 = Release|Any CPU
	EndGlobalSection
	GlobalSection(SolutionProperties) = preSolution
		HideSolutionNode = FALSE
	EndGlobalSection
	GlobalSection(ExtensibilityGlobals) = postSolution
		SolutionGuid = {62189EB6-3004-441F-A06B-9C99ED5E6232}
	EndGlobalSection
EndGlobal
